// !$*UTF8*$!
{
	archiveVersion = 1;
	classes = {
	};
	objectVersion = 46;
	objects = {

/* Begin PBXBuildFile section */
		CD41BF5E1C8FF8920060457F /* AppDelegate.swift in Sources */ = {isa = PBXBuildFile; fileRef = CD41BF5D1C8FF8920060457F /* AppDelegate.swift */; };
		CD41BF601C8FF8920060457F /* ViewController.swift in Sources */ = {isa = PBXBuildFile; fileRef = CD41BF5F1C8FF8920060457F /* ViewController.swift */; };
		CD41BF631C8FF8920060457F /* Main.storyboard in Resources */ = {isa = PBXBuildFile; fileRef = CD41BF611C8FF8920060457F /* Main.storyboard */; };
		CD41BF651C8FF8920060457F /* Assets.xcassets in Resources */ = {isa = PBXBuildFile; fileRef = CD41BF641C8FF8920060457F /* Assets.xcassets */; };
		CD41BF681C8FF8920060457F /* LaunchScreen.storyboard in Resources */ = {isa = PBXBuildFile; fileRef = CD41BF661C8FF8920060457F /* LaunchScreen.storyboard */; };
		CD41BF721C8FFCEA0060457F /* audio.xcassets in Resources */ = {isa = PBXBuildFile; fileRef = CD41BF701C8FFCEA0060457F /* audio.xcassets */; };
		CD41BF731C8FFCEA0060457F /* SMAudioRecorderViewController.swift in Sources */ = {isa = PBXBuildFile; fileRef = CD41BF711C8FFCEA0060457F /* SMAudioRecorderViewController.swift */; };
		CD41BF8E1C9001320060457F /* Align.swift in Sources */ = {isa = PBXBuildFile; fileRef = CD41BF761C9001320060457F /* Align.swift */; };
		CD41BF8F1C9001320060457F /* Coefficients.swift in Sources */ = {isa = PBXBuildFile; fileRef = CD41BF781C9001320060457F /* Coefficients.swift */; };
		CD41BF901C9001320060457F /* Compound.swift in Sources */ = {isa = PBXBuildFile; fileRef = CD41BF791C9001320060457F /* Compound.swift */; };
		CD41BF911C9001320060457F /* Constrain.swift in Sources */ = {isa = PBXBuildFile; fileRef = CD41BF7A1C9001320060457F /* Constrain.swift */; };
		CD41BF921C9001320060457F /* Constraint.swift in Sources */ = {isa = PBXBuildFile; fileRef = CD41BF7B1C9001320060457F /* Constraint.swift */; };
		CD41BF931C9001320060457F /* ConstraintGroup.swift in Sources */ = {isa = PBXBuildFile; fileRef = CD41BF7C1C9001320060457F /* ConstraintGroup.swift */; };
		CD41BF941C9001320060457F /* Context.swift in Sources */ = {isa = PBXBuildFile; fileRef = CD41BF7D1C9001320060457F /* Context.swift */; };
		CD41BF951C9001320060457F /* Dimension.swift in Sources */ = {isa = PBXBuildFile; fileRef = CD41BF7E1C9001320060457F /* Dimension.swift */; };
		CD41BF961C9001320060457F /* Distribute.swift in Sources */ = {isa = PBXBuildFile; fileRef = CD41BF7F1C9001320060457F /* Distribute.swift */; };
		CD41BF971C9001320060457F /* Edge.swift in Sources */ = {isa = PBXBuildFile; fileRef = CD41BF801C9001320060457F /* Edge.swift */; };
		CD41BF981C9001320060457F /* Edges.swift in Sources */ = {isa = PBXBuildFile; fileRef = CD41BF811C9001320060457F /* Edges.swift */; };
		CD41BF991C9001320060457F /* Expression.swift in Sources */ = {isa = PBXBuildFile; fileRef = CD41BF821C9001320060457F /* Expression.swift */; };
		CD41BF9A1C9001320060457F /* Extensions.swift in Sources */ = {isa = PBXBuildFile; fileRef = CD41BF831C9001320060457F /* Extensions.swift */; };
		CD41BF9B1C9001320060457F /* Info.plist in Resources */ = {isa = PBXBuildFile; fileRef = CD41BF841C9001320060457F /* Info.plist */; };
		CD41BF9C1C9001320060457F /* LayoutProxy.swift in Sources */ = {isa = PBXBuildFile; fileRef = CD41BF851C9001320060457F /* LayoutProxy.swift */; };
		CD41BF9D1C9001320060457F /* Point.swift in Sources */ = {isa = PBXBuildFile; fileRef = CD41BF861C9001320060457F /* Point.swift */; };
		CD41BF9E1C9001320060457F /* Priority.swift in Sources */ = {isa = PBXBuildFile; fileRef = CD41BF871C9001320060457F /* Priority.swift */; };
		CD41BF9F1C9001320060457F /* Property.swift in Sources */ = {isa = PBXBuildFile; fileRef = CD41BF881C9001320060457F /* Property.swift */; };
		CD41BFA01C9001320060457F /* Size.swift in Sources */ = {isa = PBXBuildFile; fileRef = CD41BF891C9001320060457F /* Size.swift */; };
		CD41BFA11C9001320060457F /* View.swift in Sources */ = {isa = PBXBuildFile; fileRef = CD41BF8A1C9001320060457F /* View.swift */; };
		CD41BFA21C9001320060457F /* ViewUtils.swift in Sources */ = {isa = PBXBuildFile; fileRef = CD41BF8B1C9001320060457F /* ViewUtils.swift */; };
		CD41BFA31C9001320060457F /* SMToast.swift in Sources */ = {isa = PBXBuildFile; fileRef = CD41BF8D1C9001320060457F /* SMToast.swift */; };
/* End PBXBuildFile section */

/* Begin PBXFileReference section */
		CD41BF5A1C8FF8920060457F /* SMAudioRecorderDemo.app */ = {isa = PBXFileReference; explicitFileType = wrapper.application; includeInIndex = 0; path = SMAudioRecorderDemo.app; sourceTree = BUILT_PRODUCTS_DIR; };
		CD41BF5D1C8FF8920060457F /* AppDelegate.swift */ = {isa = PBXFileReference; lastKnownFileType = sourcecode.swift; path = AppDelegate.swift; sourceTree = "<group>"; };
		CD41BF5F1C8FF8920060457F /* ViewController.swift */ = {isa = PBXFileReference; lastKnownFileType = sourcecode.swift; path = ViewController.swift; sourceTree = "<group>"; };
		CD41BF621C8FF8920060457F /* Base */ = {isa = PBXFileReference; lastKnownFileType = file.storyboard; name = Base; path = Base.lproj/Main.storyboard; sourceTree = "<group>"; };
		CD41BF641C8FF8920060457F /* Assets.xcassets */ = {isa = PBXFileReference; lastKnownFileType = folder.assetcatalog; path = Assets.xcassets; sourceTree = "<group>"; };
		CD41BF671C8FF8920060457F /* Base */ = {isa = PBXFileReference; lastKnownFileType = file.storyboard; name = Base; path = Base.lproj/LaunchScreen.storyboard; sourceTree = "<group>"; };
		CD41BF691C8FF8920060457F /* Info.plist */ = {isa = PBXFileReference; lastKnownFileType = text.plist.xml; path = Info.plist; sourceTree = "<group>"; };
		CD41BF701C8FFCEA0060457F /* audio.xcassets */ = {isa = PBXFileReference; lastKnownFileType = folder.assetcatalog; path = audio.xcassets; sourceTree = "<group>"; };
		CD41BF711C8FFCEA0060457F /* SMAudioRecorderViewController.swift */ = {isa = PBXFileReference; fileEncoding = 4; lastKnownFileType = sourcecode.swift; path = SMAudioRecorderViewController.swift; sourceTree = "<group>"; };
		CD41BF761C9001320060457F /* Align.swift */ = {isa = PBXFileReference; fileEncoding = 4; lastKnownFileType = sourcecode.swift; path = Align.swift; sourceTree = "<group>"; };
		CD41BF771C9001320060457F /* Cartography.h */ = {isa = PBXFileReference; fileEncoding = 4; lastKnownFileType = sourcecode.c.h; path = Cartography.h; sourceTree = "<group>"; };
		CD41BF781C9001320060457F /* Coefficients.swift */ = {isa = PBXFileReference; fileEncoding = 4; lastKnownFileType = sourcecode.swift; path = Coefficients.swift; sourceTree = "<group>"; };
		CD41BF791C9001320060457F /* Compound.swift */ = {isa = PBXFileReference; fileEncoding = 4; lastKnownFileType = sourcecode.swift; path = Compound.swift; sourceTree = "<group>"; };
		CD41BF7A1C9001320060457F /* Constrain.swift */ = {isa = PBXFileReference; fileEncoding = 4; lastKnownFileType = sourcecode.swift; path = Constrain.swift; sourceTree = "<group>"; };
		CD41BF7B1C9001320060457F /* Constraint.swift */ = {isa = PBXFileReference; fileEncoding = 4; lastKnownFileType = sourcecode.swift; path = Constraint.swift; sourceTree = "<group>"; };
		CD41BF7C1C9001320060457F /* ConstraintGroup.swift */ = {isa = PBXFileReference; fileEncoding = 4; lastKnownFileType = sourcecode.swift; path = ConstraintGroup.swift; sourceTree = "<group>"; };
		CD41BF7D1C9001320060457F /* Context.swift */ = {isa = PBXFileReference; fileEncoding = 4; lastKnownFileType = sourcecode.swift; path = Context.swift; sourceTree = "<group>"; };
		CD41BF7E1C9001320060457F /* Dimension.swift */ = {isa = PBXFileReference; fileEncoding = 4; lastKnownFileType = sourcecode.swift; path = Dimension.swift; sourceTree = "<group>"; };
		CD41BF7F1C9001320060457F /* Distribute.swift */ = {isa = PBXFileReference; fileEncoding = 4; lastKnownFileType = sourcecode.swift; path = Distribute.swift; sourceTree = "<group>"; };
		CD41BF801C9001320060457F /* Edge.swift */ = {isa = PBXFileReference; fileEncoding = 4; lastKnownFileType = sourcecode.swift; path = Edge.swift; sourceTree = "<group>"; };
		CD41BF811C9001320060457F /* Edges.swift */ = {isa = PBXFileReference; fileEncoding = 4; lastKnownFileType = sourcecode.swift; path = Edges.swift; sourceTree = "<group>"; };
		CD41BF821C9001320060457F /* Expression.swift */ = {isa = PBXFileReference; fileEncoding = 4; lastKnownFileType = sourcecode.swift; path = Expression.swift; sourceTree = "<group>"; };
		CD41BF831C9001320060457F /* Extensions.swift */ = {isa = PBXFileReference; fileEncoding = 4; lastKnownFileType = sourcecode.swift; path = Extensions.swift; sourceTree = "<group>"; };
		CD41BF841C9001320060457F /* Info.plist */ = {isa = PBXFileReference; fileEncoding = 4; lastKnownFileType = text.plist.xml; path = Info.plist; sourceTree = "<group>"; };
		CD41BF851C9001320060457F /* LayoutProxy.swift */ = {isa = PBXFileReference; fileEncoding = 4; lastKnownFileType = sourcecode.swift; path = LayoutProxy.swift; sourceTree = "<group>"; };
		CD41BF861C9001320060457F /* Point.swift */ = {isa = PBXFileReference; fileEncoding = 4; lastKnownFileType = sourcecode.swift; path = Point.swift; sourceTree = "<group>"; };
		CD41BF871C9001320060457F /* Priority.swift */ = {isa = PBXFileReference; fileEncoding = 4; lastKnownFileType = sourcecode.swift; path = Priority.swift; sourceTree = "<group>"; };
		CD41BF881C9001320060457F /* Property.swift */ = {isa = PBXFileReference; fileEncoding = 4; lastKnownFileType = sourcecode.swift; path = Property.swift; sourceTree = "<group>"; };
		CD41BF891C9001320060457F /* Size.swift */ = {isa = PBXFileReference; fileEncoding = 4; lastKnownFileType = sourcecode.swift; path = Size.swift; sourceTree = "<group>"; };
		CD41BF8A1C9001320060457F /* View.swift */ = {isa = PBXFileReference; fileEncoding = 4; lastKnownFileType = sourcecode.swift; path = View.swift; sourceTree = "<group>"; };
		CD41BF8B1C9001320060457F /* ViewUtils.swift */ = {isa = PBXFileReference; fileEncoding = 4; lastKnownFileType = sourcecode.swift; path = ViewUtils.swift; sourceTree = "<group>"; };
		CD41BF8D1C9001320060457F /* SMToast.swift */ = {isa = PBXFileReference; fileEncoding = 4; lastKnownFileType = sourcecode.swift; path = SMToast.swift; sourceTree = "<group>"; };
/* End PBXFileReference section */

/* Begin PBXFrameworksBuildPhase section */
		CD41BF571C8FF8920060457F /* Frameworks */ = {
			isa = PBXFrameworksBuildPhase;
			buildActionMask = 2147483647;
			files = (
			);
			runOnlyForDeploymentPostprocessing = 0;
		};
/* End PBXFrameworksBuildPhase section */

/* Begin PBXGroup section */
		CD41BF511C8FF8920060457F = {
			isa = PBXGroup;
			children = (
				CD41BF6F1C8FF9C80060457F /* SMAudioRecorder */,
				CD41BF5C1C8FF8920060457F /* SMAudioRecorderDemo */,
				CD41BF5B1C8FF8920060457F /* Products */,
			);
			sourceTree = "<group>";
		};
		CD41BF5B1C8FF8920060457F /* Products */ = {
			isa = PBXGroup;
			children = (
				CD41BF5A1C8FF8920060457F /* SMAudioRecorderDemo.app */,
			);
			name = Products;
			sourceTree = "<group>";
		};
		CD41BF5C1C8FF8920060457F /* SMAudioRecorderDemo */ = {
			isa = PBXGroup;
			children = (
				CD41BF5D1C8FF8920060457F /* AppDelegate.swift */,
				CD41BF5F1C8FF8920060457F /* ViewController.swift */,
				CD41BF611C8FF8920060457F /* Main.storyboard */,
				CD41BF641C8FF8920060457F /* Assets.xcassets */,
				CD41BF661C8FF8920060457F /* LaunchScreen.storyboard */,
				CD41BF691C8FF8920060457F /* Info.plist */,
			);
			path = SMAudioRecorderDemo;
			sourceTree = "<group>";
		};
		CD41BF6F1C8FF9C80060457F /* SMAudioRecorder */ = {
			isa = PBXGroup;
			children = (
				CD41BF741C9001320060457F /* Vender */,
				CD41BF701C8FFCEA0060457F /* audio.xcassets */,
				CD41BF711C8FFCEA0060457F /* SMAudioRecorderViewController.swift */,
			);
			path = SMAudioRecorder;
			sourceTree = "<group>";
		};
		CD41BF741C9001320060457F /* Vender */ = {
			isa = PBXGroup;
			children = (
				CD41BF751C9001320060457F /* Cartography */,
				CD41BF8C1C9001320060457F /* SMToast */,
			);
			path = Vender;
			sourceTree = "<group>";
		};
		CD41BF751C9001320060457F /* Cartography */ = {
			isa = PBXGroup;
			children = (
				CD41BF761C9001320060457F /* Align.swift */,
				CD41BF771C9001320060457F /* Cartography.h */,
				CD41BF781C9001320060457F /* Coefficients.swift */,
				CD41BF791C9001320060457F /* Compound.swift */,
				CD41BF7A1C9001320060457F /* Constrain.swift */,
				CD41BF7B1C9001320060457F /* Constraint.swift */,
				CD41BF7C1C9001320060457F /* ConstraintGroup.swift */,
				CD41BF7D1C9001320060457F /* Context.swift */,
				CD41BF7E1C9001320060457F /* Dimension.swift */,
				CD41BF7F1C9001320060457F /* Distribute.swift */,
				CD41BF801C9001320060457F /* Edge.swift */,
				CD41BF811C9001320060457F /* Edges.swift */,
				CD41BF821C9001320060457F /* Expression.swift */,
				CD41BF831C9001320060457F /* Extensions.swift */,
				CD41BF841C9001320060457F /* Info.plist */,
				CD41BF851C9001320060457F /* LayoutProxy.swift */,
				CD41BF861C9001320060457F /* Point.swift */,
				CD41BF871C9001320060457F /* Priority.swift */,
				CD41BF881C9001320060457F /* Property.swift */,
				CD41BF891C9001320060457F /* Size.swift */,
				CD41BF8A1C9001320060457F /* View.swift */,
				CD41BF8B1C9001320060457F /* ViewUtils.swift */,
			);
			path = Cartography;
			sourceTree = "<group>";
		};
		CD41BF8C1C9001320060457F /* SMToast */ = {
			isa = PBXGroup;
			children = (
				CD41BF8D1C9001320060457F /* SMToast.swift */,
			);
			path = SMToast;
			sourceTree = "<group>";
		};
/* End PBXGroup section */

/* Begin PBXNativeTarget section */
		CD41BF591C8FF8920060457F /* SMAudioRecorderDemo */ = {
			isa = PBXNativeTarget;
			buildConfigurationList = CD41BF6C1C8FF8920060457F /* Build configuration list for PBXNativeTarget "SMAudioRecorderDemo" */;
			buildPhases = (
				CD41BF561C8FF8920060457F /* Sources */,
				CD41BF571C8FF8920060457F /* Frameworks */,
				CD41BF581C8FF8920060457F /* Resources */,
			);
			buildRules = (
			);
			dependencies = (
			);
			name = SMAudioRecorderDemo;
			productName = SMAudioRecorderDemo;
			productReference = CD41BF5A1C8FF8920060457F /* SMAudioRecorderDemo.app */;
			productType = "com.apple.product-type.application";
		};
/* End PBXNativeTarget section */

/* Begin PBXProject section */
		CD41BF521C8FF8920060457F /* Project object */ = {
			isa = PBXProject;
			attributes = {
				LastSwiftUpdateCheck = 0720;
				LastUpgradeCheck = 0720;
				ORGANIZATIONNAME = softman123g;
				TargetAttributes = {
					CD41BF591C8FF8920060457F = {
						CreatedOnToolsVersion = 7.2;
					};
				};
			};
			buildConfigurationList = CD41BF551C8FF8920060457F /* Build configuration list for PBXProject "SMAudioRecorderDemo" */;
			compatibilityVersion = "Xcode 3.2";
			developmentRegion = English;
			hasScannedForEncodings = 0;
			knownRegions = (
				en,
				Base,
			);
			mainGroup = CD41BF511C8FF8920060457F;
			productRefGroup = CD41BF5B1C8FF8920060457F /* Products */;
			projectDirPath = "";
			projectRoot = "";
			targets = (
				CD41BF591C8FF8920060457F /* SMAudioRecorderDemo */,
			);
		};
/* End PBXProject section */

/* Begin PBXResourcesBuildPhase section */
		CD41BF581C8FF8920060457F /* Resources */ = {
			isa = PBXResourcesBuildPhase;
			buildActionMask = 2147483647;
			files = (
				CD41BF721C8FFCEA0060457F /* audio.xcassets in Resources */,
				CD41BF681C8FF8920060457F /* LaunchScreen.storyboard in Resources */,
				CD41BF651C8FF8920060457F /* Assets.xcassets in Resources */,
				CD41BF9B1C9001320060457F /* Info.plist in Resources */,
				CD41BF631C8FF8920060457F /* Main.storyboard in Resources */,
			);
			runOnlyForDeploymentPostprocessing = 0;
		};
/* End PBXResourcesBuildPhase section */

/* Begin PBXSourcesBuildPhase section */
		CD41BF561C8FF8920060457F /* Sources */ = {
			isa = PBXSourcesBuildPhase;
			buildActionMask = 2147483647;
			files = (
				CD41BF9E1C9001320060457F /* Priority.swift in Sources */,
				CD41BFA01C9001320060457F /* Size.swift in Sources */,
				CD41BF921C9001320060457F /* Constraint.swift in Sources */,
				CD41BFA21C9001320060457F /* ViewUtils.swift in Sources */,
				CD41BF931C9001320060457F /* ConstraintGroup.swift in Sources */,
				CD41BF911C9001320060457F /* Constrain.swift in Sources */,
				CD41BF941C9001320060457F /* Context.swift in Sources */,
				CD41BF8F1C9001320060457F /* Coefficients.swift in Sources */,
				CD41BF971C9001320060457F /* Edge.swift in Sources */,
				CD41BF601C8FF8920060457F /* ViewController.swift in Sources */,
				CD41BF961C9001320060457F /* Distribute.swift in Sources */,
				CD41BFA31C9001320060457F /* SMToast.swift in Sources */,
				CD41BF8E1C9001320060457F /* Align.swift in Sources */,
				CD41BF9F1C9001320060457F /* Property.swift in Sources */,
				CD41BF5E1C8FF8920060457F /* AppDelegate.swift in Sources */,
				CD41BF981C9001320060457F /* Edges.swift in Sources */,
				CD41BF9A1C9001320060457F /* Extensions.swift in Sources */,
				CD41BF901C9001320060457F /* Compound.swift in Sources */,
				CD41BF951C9001320060457F /* Dimension.swift in Sources */,
				CD41BF9D1C9001320060457F /* Point.swift in Sources */,
				CD41BF9C1C9001320060457F /* LayoutProxy.swift in Sources */,
				CD41BF731C8FFCEA0060457F /* SMAudioRecorderViewController.swift in Sources */,
				CD41BFA11C9001320060457F /* View.swift in Sources */,
				CD41BF991C9001320060457F /* Expression.swift in Sources */,
			);
			runOnlyForDeploymentPostprocessing = 0;
		};
/* End PBXSourcesBuildPhase section */

/* Begin PBXVariantGroup section */
		CD41BF611C8FF8920060457F /* Main.storyboard */ = {
			isa = PBXVariantGroup;
			children = (
				CD41BF621C8FF8920060457F /* Base */,
			);
			name = Main.storyboard;
			sourceTree = "<group>";
		};
		CD41BF661C8FF8920060457F /* LaunchScreen.storyboard */ = {
			isa = PBXVariantGroup;
			children = (
				CD41BF671C8FF8920060457F /* Base */,
			);
			name = LaunchScreen.storyboard;
			sourceTree = "<group>";
		};
/* End PBXVariantGroup section */

/* Begin XCBuildConfiguration section */
		CD41BF6A1C8FF8920060457F /* Debug */ = {
			isa = XCBuildConfiguration;
			buildSettings = {
				ALWAYS_SEARCH_USER_PATHS = NO;
				CLANG_CXX_LANGUAGE_STANDARD = "gnu++0x";
				CLANG_CXX_LIBRARY = "libc++";
				CLANG_ENABLE_MODULES = YES;
				CLANG_ENABLE_OBJC_ARC = YES;
				CLANG_WARN_BOOL_CONVERSION = YES;
				CLANG_WARN_CONSTANT_CONVERSION = YES;
				CLANG_WARN_DIRECT_OBJC_ISA_USAGE = YES_ERROR;
				CLANG_WARN_EMPTY_BODY = YES;
				CLANG_WARN_ENUM_CONVERSION = YES;
				CLANG_WARN_INT_CONVERSION = YES;
				CLANG_WARN_OBJC_ROOT_CLASS = YES_ERROR;
				CLANG_WARN_UNREACHABLE_CODE = YES;
				CLANG_WARN__DUPLICATE_METHOD_MATCH = YES;
				"CODE_SIGN_IDENTITY[sdk=iphoneos*]" = "iPhone Developer";
				COPY_PHASE_STRIP = NO;
				DEBUG_INFORMATION_FORMAT = dwarf;
				ENABLE_STRICT_OBJC_MSGSEND = YES;
				ENABLE_TESTABILITY = YES;
				GCC_C_LANGUAGE_STANDARD = gnu99;
				GCC_DYNAMIC_NO_PIC = NO;
				GCC_NO_COMMON_BLOCKS = YES;
				GCC_OPTIMIZATION_LEVEL = 0;
				GCC_PREPROCESSOR_DEFINITIONS = (
					"DEBUG=1",
					"$(inherited)",
				);
				GCC_WARN_64_TO_32_BIT_CONVERSION = YES;
				GCC_WARN_ABOUT_RETURN_TYPE = YES_ERROR;
				GCC_WARN_UNDECLARED_SELECTOR = YES;
				GCC_WARN_UNINITIALIZED_AUTOS = YES_AGGRESSIVE;
				GCC_WARN_UNUSED_FUNCTION = YES;
				GCC_WARN_UNUSED_VARIABLE = YES;
				IPHONEOS_DEPLOYMENT_TARGET = 9.2;
				MTL_ENABLE_DEBUG_INFO = YES;
				ONLY_ACTIVE_ARCH = YES;
				SDKROOT = iphoneos;
				SWIFT_OPTIMIZATION_LEVEL = "-Onone";
				TARGETED_DEVICE_FAMILY = "1,2";
			};
			name = Debug;
		};
		CD41BF6B1C8FF8920060457F /* Release */ = {
			isa = XCBuildConfiguration;
			buildSettings = {
				ALWAYS_SEARCH_USER_PATHS = NO;
				CLANG_CXX_LANGUAGE_STANDARD = "gnu++0x";
				CLANG_CXX_LIBRARY = "libc++";
				CLANG_ENABLE_MODULES = YES;
				CLANG_ENABLE_OBJC_ARC = YES;
				CLANG_WARN_BOOL_CONVERSION = YES;
				CLANG_WARN_CONSTANT_CONVERSION = YES;
				CLANG_WARN_DIRECT_OBJC_ISA_USAGE = YES_ERROR;
				CLANG_WARN_EMPTY_BODY = YES;
				CLANG_WARN_ENUM_CONVERSION = YES;
				CLANG_WARN_INT_CONVERSION = YES;
				CLANG_WARN_OBJC_ROOT_CLASS = YES_ERROR;
				CLANG_WARN_UNREACHABLE_CODE = YES;
				CLANG_WARN__DUPLICATE_METHOD_MATCH = YES;
				"CODE_SIGN_IDENTITY[sdk=iphoneos*]" = "iPhone Developer";
				COPY_PHASE_STRIP = NO;
				DEBUG_INFORMATION_FORMAT = "dwarf-with-dsym";
				ENABLE_NS_ASSERTIONS = NO;
				ENABLE_STRICT_OBJC_MSGSEND = YES;
				GCC_C_LANGUAGE_STANDARD = gnu99;
				GCC_NO_COMMON_BLOCKS = YES;
				GCC_WARN_64_TO_32_BIT_CONVERSION = YES;
				GCC_WARN_ABOUT_RETURN_TYPE = YES_ERROR;
				GCC_WARN_UNDECLARED_SELECTOR = YES;
				GCC_WARN_UNINITIALIZED_AUTOS = YES_AGGRESSIVE;
				GCC_WARN_UNUSED_FUNCTION = YES;
				GCC_WARN_UNUSED_VARIABLE = YES;
				IPHONEOS_DEPLOYMENT_TARGET = 9.2;
				MTL_ENABLE_DEBUG_INFO = NO;
				SDKROOT = iphoneos;
				TARGETED_DEVICE_FAMILY = "1,2";
				VALIDATE_PRODUCT = YES;
			};
			name = Release;
		};
		CD41BF6D1C8FF8920060457F /* Debug */ = {
			isa = XCBuildConfiguration;
			buildSettings = {
				ASSETCATALOG_COMPILER_APPICON_NAME = AppIcon;
				INFOPLIST_FILE = SMAudioRecorderDemo/Info.plist;
				IPHONEOS_DEPLOYMENT_TARGET = 8.0;
				LD_RUNPATH_SEARCH_PATHS = "$(inherited) @executable_path/Frameworks";
				PRODUCT_BUNDLE_IDENTIFIER = com.softman123g.SMAudioRecorderDemo;
				PRODUCT_NAME = "$(TARGET_NAME)";
				TARGETED_DEVICE_FAMILY = 1;
			};
			name = Debug;
		};
		CD41BF6E1C8FF8920060457F /* Release */ = {
			isa = XCBuildConfiguration;
			buildSettings = {
				ASSETCATALOG_COMPILER_APPICON_NAME = AppIcon;
				INFOPLIST_FILE = SMAudioRecorderDemo/Info.plist;
				IPHONEOS_DEPLOYMENT_TARGET = 8.0;
				LD_RUNPATH_SEARCH_PATHS = "$(inherited) @executable_path/Frameworks";
				PRODUCT_BUNDLE_IDENTIFIER = com.softman123g.SMAudioRecorderDemo;
				PRODUCT_NAME = "$(TARGET_NAME)";
				TARGETED_DEVICE_FAMILY = 1;
			};
			name = Release;
		};
/* End XCBuildConfiguration section */

/* Begin XCConfigurationList section */
		CD41BF551C8FF8920060457F /* Build configuration list for PBXProject "SMAudioRecorderDemo" */ = {
			isa = XCConfigurationList;
			buildConfigurations = (
				CD41BF6A1C8FF8920060457F /* Debug */,
				CD41BF6B1C8FF8920060457F /* Release */,
			);
			defaultConfigurationIsVisible = 0;
			defaultConfigurationName = Release;
		};
		CD41BF6C1C8FF8920060457F /* Build configuration list for PBXNativeTarget "SMAudioRecorderDemo" */ = {
			isa = XCConfigurationList;
			buildConfigurations = (
				CD41BF6D1C8FF8920060457F /* Debug */,
				CD41BF6E1C8FF8920060457F /* Release */,
			);
			defaultConfigurationIsVisible = 0;
			defaultConfigurationName = Release;
		};
/* End XCConfigurationList section */
	};
	rootObject = CD41BF521C8FF8920060457F /* Project object */;
}
