// !$*UTF8*$!
{
	archiveVersion = 1;
	classes = {
	};
	objectVersion = 46;
	objects = {

/* Begin PBXBuildFile section */
		CD41BF5E1C8FF8920060457F /* AppDelegate.swift in Sources */ = {isa = PBXBuildFile; fileRef = CD41BF5D1C8FF8920060457F /* AppDelegate.swift */; };
		CD41BF601C8FF8920060457F /* ViewController.swift in Sources */ = {isa = PBXBuildFile; fileRef = CD41BF5F1C8FF8920060457F /* ViewController.swift */; };
		CD41BF631C8FF8920060457F /* Main.storyboard in Resources */ = {isa = PBXBuildFile; fileRef = CD41BF611C8FF8920060457F /* Main.storyboard */; };
		CD41BF651C8FF8920060457F /* Assets.xcassets in Resources */ = {isa = PBXBuildFile; fileRef = CD41BF641C8FF8920060457F /* Assets.xcassets */; };
		CD41BF681C8FF8920060457F /* LaunchScreen.storyboard in Resources */ = {isa = PBXBuildFile; fileRef = CD41BF661C8FF8920060457F /* LaunchScreen.storyboard */; };
/* End PBXBuildFile section */

/* Begin PBXFileReference section */
		CD41BF5A1C8FF8920060457F /* SMAudioRecorderDemo.app */ = {isa = PBXFileReference; explicitFileType = wrapper.application; includeInIndex = 0; path = SMAudioRecorderDemo.app; sourceTree = BUILT_PRODUCTS_DIR; };
		CD41BF5D1C8FF8920060457F /* AppDelegate.swift */ = {isa = PBXFileReference; lastKnownFileType = sourcecode.swift; path = AppDelegate.swift; sourceTree = "<group>"; };
		CD41BF5F1C8FF8920060457F /* ViewController.swift */ = {isa = PBXFileReference; lastKnownFileType = sourcecode.swift; path = ViewController.swift; sourceTree = "<group>"; };
		CD41BF621C8FF8920060457F /* Base */ = {isa = PBXFileReference; lastKnownFileType = file.storyboard; name = Base; path = Base.lproj/Main.storyboard; sourceTree = "<group>"; };
		CD41BF641C8FF8920060457F /* Assets.xcassets */ = {isa = PBXFileReference; lastKnownFileType = folder.assetcatalog; path = Assets.xcassets; sourceTree = "<group>"; };
		CD41BF671C8FF8920060457F /* Base */ = {isa = PBXFileReference; lastKnownFileType = file.storyboard; name = Base; path = Base.lproj/LaunchScreen.storyboard; sourceTree = "<group>"; };
		CD41BF691C8FF8920060457F /* Info.plist */ = {isa = PBXFileReference; lastKnownFileType = text.plist.xml; path = Info.plist; sourceTree = "<group>"; };
/* End PBXFileReference section */

/* Begin PBXFrameworksBuildPhase section */
		CD41BF571C8FF8920060457F /* Frameworks */ = {
			isa = PBXFrameworksBuildPhase;
			buildActionMask = 2147483647;
			files = (
			);
			runOnlyForDeploymentPostprocessing = 0;
		};
/* End PBXFrameworksBuildPhase section */

/* Begin PBXGroup section */
		CD41BF511C8FF8920060457F = {
			isa = PBXGroup;
			children = (
				CD41BF5C1C8FF8920060457F /* SMAudioRecorderDemo */,
				CD41BF5B1C8FF8920060457F /* Products */,
			);
			sourceTree = "<group>";
		};
		CD41BF5B1C8FF8920060457F /* Products */ = {
			isa = PBXGroup;
			children = (
				CD41BF5A1C8FF8920060457F /* SMAudioRecorderDemo.app */,
			);
			name = Products;
			sourceTree = "<group>";
		};
		CD41BF5C1C8FF8920060457F /* SMAudioRecorderDemo */ = {
			isa = PBXGroup;
			children = (
				CD41BF5D1C8FF8920060457F /* AppDelegate.swift */,
				CD41BF5F1C8FF8920060457F /* ViewController.swift */,
				CD41BF611C8FF8920060457F /* Main.storyboard */,
				CD41BF641C8FF8920060457F /* Assets.xcassets */,
				CD41BF661C8FF8920060457F /* LaunchScreen.storyboard */,
				CD41BF691C8FF8920060457F /* Info.plist */,
			);
			path = SMAudioRecorderDemo;
			sourceTree = "<group>";
		};
/* End PBXGroup section */

/* Begin PBXNativeTarget section */
		CD41BF591C8FF8920060457F /* SMAudioRecorderDemo */ = {
			isa = PBXNativeTarget;
			buildConfigurationList = CD41BF6C1C8FF8920060457F /* Build configuration list for PBXNativeTarget "SMAudioRecorderDemo" */;
			buildPhases = (
				CD41BF561C8FF8920060457F /* Sources */,
				CD41BF571C8FF8920060457F /* Frameworks */,
				CD41BF581C8FF8920060457F /* Resources */,
			);
			buildRules = (
			);
			dependencies = (
			);
			name = SMAudioRecorderDemo;
			productName = SMAudioRecorderDemo;
			productReference = CD41BF5A1C8FF8920060457F /* SMAudioRecorderDemo.app */;
			productType = "com.apple.product-type.application";
		};
/* End PBXNativeTarget section */

/* Begin PBXProject section */
		CD41BF521C8FF8920060457F /* Project object */ = {
			isa = PBXProject;
			attributes = {
				LastSwiftUpdateCheck = 0720;
				LastUpgradeCheck = 0720;
				ORGANIZATIONNAME = softman123g;
				TargetAttributes = {
					CD41BF591C8FF8920060457F = {
						CreatedOnToolsVersion = 7.2;
					};
				};
			};
			buildConfigurationList = CD41BF551C8FF8920060457F /* Build configuration list for PBXProject "SMAudioRecorderDemo" */;
			compatibilityVersion = "Xcode 3.2";
			developmentRegion = English;
			hasScannedForEncodings = 0;
			knownRegions = (
				en,
				Base,
			);
			mainGroup = CD41BF511C8FF8920060457F;
			productRefGroup = CD41BF5B1C8FF8920060457F /* Products */;
			projectDirPath = "";
			projectRoot = "";
			targets = (
				CD41BF591C8FF8920060457F /* SMAudioRecorderDemo */,
			);
		};
/* End PBXProject section */

/* Begin PBXResourcesBuildPhase section */
		CD41BF581C8FF8920060457F /* Resources */ = {
			isa = PBXResourcesBuildPhase;
			buildActionMask = 2147483647;
			files = (
				CD41BF681C8FF8920060457F /* LaunchScreen.storyboard in Resources */,
				CD41BF651C8FF8920060457F /* Assets.xcassets in Resources */,
				CD41BF631C8FF8920060457F /* Main.storyboard in Resources */,
			);
			runOnlyForDeploymentPostprocessing = 0;
		};
/* End PBXResourcesBuildPhase section */

/* Begin PBXSourcesBuildPhase section */
		CD41BF561C8FF8920060457F /* Sources */ = {
			isa = PBXSourcesBuildPhase;
			buildActionMask = 2147483647;
			files = (
				CD41BF601C8FF8920060457F /* ViewController.swift in Sources */,
				CD41BF5E1C8FF8920060457F /* AppDelegate.swift in Sources */,
			);
			runOnlyForDeploymentPostprocessing = 0;
		};
/* End PBXSourcesBuildPhase section */

/* Begin PBXVariantGroup section */
		CD41BF611C8FF8920060457F /* Main.storyboard */ = {
			isa = PBXVariantGroup;
			children = (
				CD41BF621C8FF8920060457F /* Base */,
			);
			name = Main.storyboard;
			sourceTree = "<group>";
		};
		CD41BF661C8FF8920060457F /* LaunchScreen.storyboard */ = {
			isa = PBXVariantGroup;
			children = (
				CD41BF671C8FF8920060457F /* Base */,
			);
			name = LaunchScreen.storyboard;
			sourceTree = "<group>";
		};
/* End PBXVariantGroup section */

/* Begin XCBuildConfiguration section */
		CD41BF6A1C8FF8920060457F /* Debug */ = {
			isa = XCBuildConfiguration;
			buildSettings = {
				ALWAYS_SEARCH_USER_PATHS = NO;
				CLANG_CXX_LANGUAGE_STANDARD = "gnu++0x";
				CLANG_CXX_LIBRARY = "libc++";
				CLANG_ENABLE_MODULES = YES;
				CLANG_ENABLE_OBJC_ARC = YES;
				CLANG_WARN_BOOL_CONVERSION = YES;
				CLANG_WARN_CONSTANT_CONVERSION = YES;
				CLANG_WARN_DIRECT_OBJC_ISA_USAGE = YES_ERROR;
				CLANG_WARN_EMPTY_BODY = YES;
				CLANG_WARN_ENUM_CONVERSION = YES;
				CLANG_WARN_INT_CONVERSION = YES;
				CLANG_WARN_OBJC_ROOT_CLASS = YES_ERROR;
				CLANG_WARN_UNREACHABLE_CODE = YES;
				CLANG_WARN__DUPLICATE_METHOD_MATCH = YES;
				"CODE_SIGN_IDENTITY[sdk=iphoneos*]" = "iPhone Developer";
				COPY_PHASE_STRIP = NO;
				DEBUG_INFORMATION_FORMAT = dwarf;
				ENABLE_STRICT_OBJC_MSGSEND = YES;
				ENABLE_TESTABILITY = YES;
				GCC_C_LANGUAGE_STANDARD = gnu99;
				GCC_DYNAMIC_NO_PIC = NO;
				GCC_NO_COMMON_BLOCKS = YES;
				GCC_OPTIMIZATION_LEVEL = 0;
				GCC_PREPROCESSOR_DEFINITIONS = (
					"DEBUG=1",
					"$(inherited)",
				);
				GCC_WARN_64_TO_32_BIT_CONVERSION = YES;
				GCC_WARN_ABOUT_RETURN_TYPE = YES_ERROR;
				GCC_WARN_UNDECLARED_SELECTOR = YES;
				GCC_WARN_UNINITIALIZED_AUTOS = YES_AGGRESSIVE;
				GCC_WARN_UNUSED_FUNCTION = YES;
				GCC_WARN_UNUSED_VARIABLE = YES;
				IPHONEOS_DEPLOYMENT_TARGET = 9.2;
				MTL_ENABLE_DEBUG_INFO = YES;
				ONLY_ACTIVE_ARCH = YES;
				SDKROOT = iphoneos;
				SWIFT_OPTIMIZATION_LEVEL = "-Onone";
				TARGETED_DEVICE_FAMILY = "1,2";
			};
			name = Debug;
		};
		CD41BF6B1C8FF8920060457F /* Release */ = {
			isa = XCBuildConfiguration;
			buildSettings = {
				ALWAYS_SEARCH_USER_PATHS = NO;
				CLANG_CXX_LANGUAGE_STANDARD = "gnu++0x";
				CLANG_CXX_LIBRARY = "libc++";
				CLANG_ENABLE_MODULES = YES;
				CLANG_ENABLE_OBJC_ARC = YES;
				CLANG_WARN_BOOL_CONVERSION = YES;
				CLANG_WARN_CONSTANT_CONVERSION = YES;
				CLANG_WARN_DIRECT_OBJC_ISA_USAGE = YES_ERROR;
				CLANG_WARN_EMPTY_BODY = YES;
				CLANG_WARN_ENUM_CONVERSION = YES;
				CLANG_WARN_INT_CONVERSION = YES;
				CLANG_WARN_OBJC_ROOT_CLASS = YES_ERROR;
				CLANG_WARN_UNREACHABLE_CODE = YES;
				CLANG_WARN__DUPLICATE_METHOD_MATCH = YES;
				"CODE_SIGN_IDENTITY[sdk=iphoneos*]" = "iPhone Developer";
				COPY_PHASE_STRIP = NO;
				DEBUG_INFORMATION_FORMAT = "dwarf-with-dsym";
				ENABLE_NS_ASSERTIONS = NO;
				ENABLE_STRICT_OBJC_MSGSEND = YES;
				GCC_C_LANGUAGE_STANDARD = gnu99;
				GCC_NO_COMMON_BLOCKS = YES;
				GCC_WARN_64_TO_32_BIT_CONVERSION = YES;
				GCC_WARN_ABOUT_RETURN_TYPE = YES_ERROR;
				GCC_WARN_UNDECLARED_SELECTOR = YES;
				GCC_WARN_UNINITIALIZED_AUTOS = YES_AGGRESSIVE;
				GCC_WARN_UNUSED_FUNCTION = YES;
				GCC_WARN_UNUSED_VARIABLE = YES;
				IPHONEOS_DEPLOYMENT_TARGET = 9.2;
				MTL_ENABLE_DEBUG_INFO = NO;
				SDKROOT = iphoneos;
				TARGETED_DEVICE_FAMILY = "1,2";
				VALIDATE_PRODUCT = YES;
			};
			name = Release;
		};
		CD41BF6D1C8FF8920060457F /* Debug */ = {
			isa = XCBuildConfiguration;
			buildSettings = {
				ASSETCATALOG_COMPILER_APPICON_NAME = AppIcon;
				INFOPLIST_FILE = SMAudioRecorderDemo/Info.plist;
				LD_RUNPATH_SEARCH_PATHS = "$(inherited) @executable_path/Frameworks";
				PRODUCT_BUNDLE_IDENTIFIER = com.softman123g.SMAudioRecorderDemo;
				PRODUCT_NAME = "$(TARGET_NAME)";
			};
			name = Debug;
		};
		CD41BF6E1C8FF8920060457F /* Release */ = {
			isa = XCBuildConfiguration;
			buildSettings = {
				ASSETCATALOG_COMPILER_APPICON_NAME = AppIcon;
				INFOPLIST_FILE = SMAudioRecorderDemo/Info.plist;
				LD_RUNPATH_SEARCH_PATHS = "$(inherited) @executable_path/Frameworks";
				PRODUCT_BUNDLE_IDENTIFIER = com.softman123g.SMAudioRecorderDemo;
				PRODUCT_NAME = "$(TARGET_NAME)";
			};
			name = Release;
		};
/* End XCBuildConfiguration section */

/* Begin XCConfigurationList section */
		CD41BF551C8FF8920060457F /* Build configuration list for PBXProject "SMAudioRecorderDemo" */ = {
			isa = XCConfigurationList;
			buildConfigurations = (
				CD41BF6A1C8FF8920060457F /* Debug */,
				CD41BF6B1C8FF8920060457F /* Release */,
			);
			defaultConfigurationIsVisible = 0;
			defaultConfigurationName = Release;
		};
		CD41BF6C1C8FF8920060457F /* Build configuration list for PBXNativeTarget "SMAudioRecorderDemo" */ = {
			isa = XCConfigurationList;
			buildConfigurations = (
				CD41BF6D1C8FF8920060457F /* Debug */,
				CD41BF6E1C8FF8920060457F /* Release */,
			);
			defaultConfigurationIsVisible = 0;
		};
/* End XCConfigurationList section */
	};
	rootObject = CD41BF521C8FF8920060457F /* Project object */;
}
